{
  "name": "homebridge-http-garage-door",
  "version": "1.0.0",
  "lockfileVersion": 2,
  "requires": true,
  "packages": {
    "": {
      "name": "homebridge-http-garage-door",
      "version": "1.0.0",
      "license": "ISC",
      "engines": {
        "homebridge": ">=1.0.0",
        "node": ">=0.14.0"
      }
    }
  }
}
